
Microsoft Visual Studio Solution File, Format Version 12.00
# Visual Studio 2012
Project("{8BC9CEB8-8B4A-11D0-8D11-00A0C91BC942}") = "C Demo1", "C Demo1\C Demo1.vcxproj", "{644AFC03-064A-4B06-8843-C815AD23A4D5}"
EndProject
Global
	GlobalSection(SolutionConfigurationPlatforms) = preSolution
		Debug|Win32 = Debug|Win32
		Release|Win32 = Release|Win32
	EndGlobalSection
	GlobalSection(ProjectConfigurationPlatforms) = postSolution
		{644AFC03-064A-4B06-8843-C815AD23A4D5}.Debug|Win32.ActiveCfg = Debug|Win32
		{644AFC03-064A-4B06-8843-C815AD23A4D5}.Debug|Win32.Build.0 = Debug|Win32
		{644AFC03-064A-4B06-8843-C815AD23A4D5}.Release|Win32.ActiveCfg = Release|Win32
		{644AFC03-064A-4B06-8843-C815AD23A4D5}.Release|Win32.Build.0 = Release|Win32
	EndGlobalSection
	GlobalSection(SolutionProperties) = preSolution
		HideSolutionNode = FALSE
	EndGlobalSection
EndGlobal
