
Microsoft Visual Studio Solution File, Format Version 12.00
# Visual Studio 2012
Project("{8BC9CEB8-8B4A-11D0-8D11-00A0C91BC942}") = "C Test1", "C Test1\C Test1.vcxproj", "{340A4654-3854-4612-8D4E-22FA2E43AD57}"
EndProject
Global
	GlobalSection(SolutionConfigurationPlatforms) = preSolution
		Debug|Win32 = Debug|Win32
		Release|Win32 = Release|Win32
	EndGlobalSection
	GlobalSection(ProjectConfigurationPlatforms) = postSolution
		{340A4654-3854-4612-8D4E-22FA2E43AD57}.Debug|Win32.ActiveCfg = Debug|Win32
		{340A4654-3854-4612-8D4E-22FA2E43AD57}.Debug|Win32.Build.0 = Debug|Win32
		{340A4654-3854-4612-8D4E-22FA2E43AD57}.Release|Win32.ActiveCfg = Release|Win32
		{340A4654-3854-4612-8D4E-22FA2E43AD57}.Release|Win32.Build.0 = Release|Win32
	EndGlobalSection
	GlobalSection(SolutionProperties) = preSolution
		HideSolutionNode = FALSE
	EndGlobalSection
EndGlobal
